{
  "name": "bilstrap-react",
  "version": "0.1.0",
  "lockfileVersion": 1,
  "requires": true,
  "dependencies": {
    "bilstrap": {
      "version": "1.1.1",
      "resolved": "https://registry.npmjs.org/bilstrap/-/bilstrap-1.1.1.tgz",
      "integrity": "sha512-np44+sc2OLqDZ49b6lT643tofuvadUonhTe+EZx69pIHo1YwBSzJ9Ph0wcd1dNQjQ82rCQC0MacZKSPwigmhIw=="
    }
  }
}
